
Microsoft Visual Studio Solution File, Format Version 10.00
# Visual Studio 2008
Project("{8BC9CEB8-8B4A-11D0-8D11-00A0C91BC942}") = "VirtuaNES", "VirtuaNES.vcproj", "{74829950-BB9D-4294-9EC7-65DE4576C688}"
EndProject
Global
	GlobalSection(SolutionConfigurationPlatforms) = preSolution
		Debug|Win32 = Debug|Win32
		Dump_Debug|Win32 = Dump_Debug|Win32
		Dump_Release|Win32 = Dump_Release|Win32
		Profile|Win32 = Profile|Win32
		Release_Debugout|Win32 = Release_Debugout|Win32
		Release|Win32 = Release|Win32
	EndGlobalSection
	GlobalSection(ProjectConfigurationPlatforms) = postSolution
		{74829950-BB9D-4294-9EC7-65DE4576C688}.Debug|Win32.ActiveCfg = Debug|Win32
		{74829950-BB9D-4294-9EC7-65DE4576C688}.Debug|Win32.Build.0 = Debug|Win32
		{74829950-BB9D-4294-9EC7-65DE4576C688}.Dump_Debug|Win32.ActiveCfg = Dump_Debug|Win32
		{74829950-BB9D-4294-9EC7-65DE4576C688}.Dump_Debug|Win32.Build.0 = Dump_Debug|Win32
		{74829950-BB9D-4294-9EC7-65DE4576C688}.Dump_Release|Win32.ActiveCfg = Dump_Release|Win32
		{74829950-BB9D-4294-9EC7-65DE4576C688}.Dump_Release|Win32.Build.0 = Dump_Release|Win32
		{74829950-BB9D-4294-9EC7-65DE4576C688}.Profile|Win32.ActiveCfg = Profile|Win32
		{74829950-BB9D-4294-9EC7-65DE4576C688}.Profile|Win32.Build.0 = Profile|Win32
		{74829950-BB9D-4294-9EC7-65DE4576C688}.Release_Debugout|Win32.ActiveCfg = Release_Debugout|Win32
		{74829950-BB9D-4294-9EC7-65DE4576C688}.Release_Debugout|Win32.Build.0 = Release_Debugout|Win32
		{74829950-BB9D-4294-9EC7-65DE4576C688}.Release|Win32.ActiveCfg = Release|Win32
		{74829950-BB9D-4294-9EC7-65DE4576C688}.Release|Win32.Build.0 = Release|Win32
	EndGlobalSection
	GlobalSection(SolutionProperties) = preSolution
		HideSolutionNode = FALSE
	EndGlobalSection
EndGlobal
